
Microsoft Visual Studio Solution File, Format Version 12.00
# Visual Studio Version 17
VisualStudioVersion = 17.11.35222.181
MinimumVisualStudioVersion = 10.0.40219.1
Project("{FAE04EC0-301F-11D3-BF4B-00C04F79EFBC}") = "CountryApp_Cloud", "CountryApp_Cloud\CountryApp_Cloud.csproj", "{7D52E2FC-BBF0-42D4-9C49-4BB225156606}"
EndProject
Global
	GlobalSection(SolutionConfigurationPlatforms) = preSolution
		Debug|Any CPU = Debug|Any CPU
		Release|Any CPU = Release|Any CPU
	EndGlobalSection
	GlobalSection(ProjectConfigurationPlatforms) = postSolution
		{7D52E2FC-BBF0-42D4-9C49-4BB225156606}.Debug|Any CPU.ActiveCfg = Debug|Any CPU
		{7D52E2FC-BBF0-42D4-9C49-4BB225156606}.Debug|Any CPU.Build.0 = Debug|Any CPU
		{7D52E2FC-BBF0-42D4-9C49-4BB225156606}.Release|Any CPU.ActiveCfg = Release|Any CPU
		{7D52E2FC-BBF0-42D4-9C49-4BB225156606}.Release|Any CPU.Build.0 = Release|Any CPU
	EndGlobalSection
	GlobalSection(SolutionProperties) = preSolution
		HideSolutionNode = FALSE
	EndGlobalSection
	GlobalSection(ExtensibilityGlobals) = postSolution
		SolutionGuid = {9721E392-B16E-45E3-96C3-76723CCC56DB}
	EndGlobalSection
EndGlobal
